
Microsoft Visual Studio Solution File, Format Version 12.00
# Visual Studio Version 17
VisualStudioVersion = 17.5.002.0
MinimumVisualStudioVersion = 10.0.40219.1
Project("{2150E333-8FDC-42A3-9474-1A3956D46DE8}") = "Seminar_1", "Seminar_1", "{6E2D7E31-0445-47EF-81B9-FE157A8F79D9}"
EndProject
Project("{9A19103F-16F7-4668-BE54-9A1E7A4F7556}") = "Task_12", "Seminar_1\Task_12\Task_12.csproj", "{84B51338-FF8A-41EE-A92C-8FE65E42D7BD}"
EndProject
Project("{9A19103F-16F7-4668-BE54-9A1E7A4F7556}") = "Task_15", "Seminar_1\Task_15\Task_15.csproj", "{7BE99CA6-F758-4D22-AA2E-87927893A75F}"
EndProject
Project("{9A19103F-16F7-4668-BE54-9A1E7A4F7556}") = "Task_2", "Seminar_1\Task_2\Task_2.csproj", "{4E1AFA6B-69EB-462B-B74A-E4EFC963B4C1}"
EndProject
Project("{9A19103F-16F7-4668-BE54-9A1E7A4F7556}") = "Task_4", "Seminar_1\Task_4\Task_4.csproj", "{69950A49-6C4F-4DC5-AE1D-B77731D4DC02}"
EndProject
Project("{9A19103F-16F7-4668-BE54-9A1E7A4F7556}") = "Task_6", "Seminar_1\Task_6\Task_6.csproj", "{98565949-D0B8-4162-BDE0-BE644F4EBD13}"
EndProject
Project("{9A19103F-16F7-4668-BE54-9A1E7A4F7556}") = "Task_8", "Seminar_1\Task_8\Task_8.csproj", "{2C5DBC08-77E2-4C6B-957D-BA51DD941AE5}"
EndProject
Project("{9A19103F-16F7-4668-BE54-9A1E7A4F7556}") = "Task_9_Online", "Seminar_1\Task_9_Online\Task_9_Online.csproj", "{3FA2125F-E5D1-47E5-81BB-B19554EF1CA2}"
EndProject
Project("{9A19103F-16F7-4668-BE54-9A1E7A4F7556}") = "TEST", "Seminar_1\TEST\TEST.csproj", "{1CA4F88F-EEE5-499D-A30C-4389CBBF222A}"
EndProject
Global
	GlobalSection(SolutionConfigurationPlatforms) = preSolution
		Debug|Any CPU = Debug|Any CPU
		Release|Any CPU = Release|Any CPU
	EndGlobalSection
	GlobalSection(ProjectConfigurationPlatforms) = postSolution
		{84B51338-FF8A-41EE-A92C-8FE65E42D7BD}.Debug|Any CPU.ActiveCfg = Debug|Any CPU
		{84B51338-FF8A-41EE-A92C-8FE65E42D7BD}.Debug|Any CPU.Build.0 = Debug|Any CPU
		{84B51338-FF8A-41EE-A92C-8FE65E42D7BD}.Release|Any CPU.ActiveCfg = Release|Any CPU
		{84B51338-FF8A-41EE-A92C-8FE65E42D7BD}.Release|Any CPU.Build.0 = Release|Any CPU
		{7BE99CA6-F758-4D22-AA2E-87927893A75F}.Debug|Any CPU.ActiveCfg = Debug|Any CPU
		{7BE99CA6-F758-4D22-AA2E-87927893A75F}.Debug|Any CPU.Build.0 = Debug|Any CPU
		{7BE99CA6-F758-4D22-AA2E-87927893A75F}.Release|Any CPU.ActiveCfg = Release|Any CPU
		{7BE99CA6-F758-4D22-AA2E-87927893A75F}.Release|Any CPU.Build.0 = Release|Any CPU
		{4E1AFA6B-69EB-462B-B74A-E4EFC963B4C1}.Debug|Any CPU.ActiveCfg = Debug|Any CPU
		{4E1AFA6B-69EB-462B-B74A-E4EFC963B4C1}.Debug|Any CPU.Build.0 = Debug|Any CPU
		{4E1AFA6B-69EB-462B-B74A-E4EFC963B4C1}.Release|Any CPU.ActiveCfg = Release|Any CPU
		{4E1AFA6B-69EB-462B-B74A-E4EFC963B4C1}.Release|Any CPU.Build.0 = Release|Any CPU
		{69950A49-6C4F-4DC5-AE1D-B77731D4DC02}.Debug|Any CPU.ActiveCfg = Debug|Any CPU
		{69950A49-6C4F-4DC5-AE1D-B77731D4DC02}.Debug|Any CPU.Build.0 = Debug|Any CPU
		{69950A49-6C4F-4DC5-AE1D-B77731D4DC02}.Release|Any CPU.ActiveCfg = Release|Any CPU
		{69950A49-6C4F-4DC5-AE1D-B77731D4DC02}.Release|Any CPU.Build.0 = Release|Any CPU
		{98565949-D0B8-4162-BDE0-BE644F4EBD13}.Debug|Any CPU.ActiveCfg = Debug|Any CPU
		{98565949-D0B8-4162-BDE0-BE644F4EBD13}.Debug|Any CPU.Build.0 = Debug|Any CPU
		{98565949-D0B8-4162-BDE0-BE644F4EBD13}.Release|Any CPU.ActiveCfg = Release|Any CPU
		{98565949-D0B8-4162-BDE0-BE644F4EBD13}.Release|Any CPU.Build.0 = Release|Any CPU
		{2C5DBC08-77E2-4C6B-957D-BA51DD941AE5}.Debug|Any CPU.ActiveCfg = Debug|Any CPU
		{2C5DBC08-77E2-4C6B-957D-BA51DD941AE5}.Debug|Any CPU.Build.0 = Debug|Any CPU
		{2C5DBC08-77E2-4C6B-957D-BA51DD941AE5}.Release|Any CPU.ActiveCfg = Release|Any CPU
		{2C5DBC08-77E2-4C6B-957D-BA51DD941AE5}.Release|Any CPU.Build.0 = Release|Any CPU
		{3FA2125F-E5D1-47E5-81BB-B19554EF1CA2}.Debug|Any CPU.ActiveCfg = Debug|Any CPU
		{3FA2125F-E5D1-47E5-81BB-B19554EF1CA2}.Debug|Any CPU.Build.0 = Debug|Any CPU
		{3FA2125F-E5D1-47E5-81BB-B19554EF1CA2}.Release|Any CPU.ActiveCfg = Release|Any CPU
		{3FA2125F-E5D1-47E5-81BB-B19554EF1CA2}.Release|Any CPU.Build.0 = Release|Any CPU
		{1CA4F88F-EEE5-499D-A30C-4389CBBF222A}.Debug|Any CPU.ActiveCfg = Debug|Any CPU
		{1CA4F88F-EEE5-499D-A30C-4389CBBF222A}.Debug|Any CPU.Build.0 = Debug|Any CPU
		{1CA4F88F-EEE5-499D-A30C-4389CBBF222A}.Release|Any CPU.ActiveCfg = Release|Any CPU
		{1CA4F88F-EEE5-499D-A30C-4389CBBF222A}.Release|Any CPU.Build.0 = Release|Any CPU
	EndGlobalSection
	GlobalSection(SolutionProperties) = preSolution
		HideSolutionNode = FALSE
	EndGlobalSection
	GlobalSection(NestedProjects) = preSolution
		{84B51338-FF8A-41EE-A92C-8FE65E42D7BD} = {6E2D7E31-0445-47EF-81B9-FE157A8F79D9}
		{7BE99CA6-F758-4D22-AA2E-87927893A75F} = {6E2D7E31-0445-47EF-81B9-FE157A8F79D9}
		{4E1AFA6B-69EB-462B-B74A-E4EFC963B4C1} = {6E2D7E31-0445-47EF-81B9-FE157A8F79D9}
		{69950A49-6C4F-4DC5-AE1D-B77731D4DC02} = {6E2D7E31-0445-47EF-81B9-FE157A8F79D9}
		{98565949-D0B8-4162-BDE0-BE644F4EBD13} = {6E2D7E31-0445-47EF-81B9-FE157A8F79D9}
		{2C5DBC08-77E2-4C6B-957D-BA51DD941AE5} = {6E2D7E31-0445-47EF-81B9-FE157A8F79D9}
		{3FA2125F-E5D1-47E5-81BB-B19554EF1CA2} = {6E2D7E31-0445-47EF-81B9-FE157A8F79D9}
		{1CA4F88F-EEE5-499D-A30C-4389CBBF222A} = {6E2D7E31-0445-47EF-81B9-FE157A8F79D9}
	EndGlobalSection
	GlobalSection(ExtensibilityGlobals) = postSolution
		SolutionGuid = {2796AB38-0991-4EF6-A288-C946CEF741E7}
	EndGlobalSection
EndGlobal
